
Microsoft Visual Studio Solution File, Format Version 12.00
# Visual Studio 15
VisualStudioVersion = 15.0.28010.2036
MinimumVisualStudioVersion = 10.0.40219.1
Project("{8BC9CEB8-8B4A-11D0-8D11-00A0C91BC942}") = "Курсова робота програмач(1 курс 2 семестр)", "Курсова робота програмач(1 курс 2 семестр)\Курсова робота програмач(1 курс 2 семестр).vcxproj", "{CDD3CE4F-E8E9-41D4-87B4-C372F63CC50A}"
EndProject
Global
	GlobalSection(SolutionConfigurationPlatforms) = preSolution
		Debug|x64 = Debug|x64
		Debug|x86 = Debug|x86
		Release|x64 = Release|x64
		Release|x86 = Release|x86
	EndGlobalSection
	GlobalSection(ProjectConfigurationPlatforms) = postSolution
		{CDD3CE4F-E8E9-41D4-87B4-C372F63CC50A}.Debug|x64.ActiveCfg = Debug|x64
		{CDD3CE4F-E8E9-41D4-87B4-C372F63CC50A}.Debug|x64.Build.0 = Debug|x64
		{CDD3CE4F-E8E9-41D4-87B4-C372F63CC50A}.Debug|x86.ActiveCfg = Debug|Win32
		{CDD3CE4F-E8E9-41D4-87B4-C372F63CC50A}.Debug|x86.Build.0 = Debug|Win32
		{CDD3CE4F-E8E9-41D4-87B4-C372F63CC50A}.Release|x64.ActiveCfg = Release|x64
		{CDD3CE4F-E8E9-41D4-87B4-C372F63CC50A}.Release|x64.Build.0 = Release|x64
		{CDD3CE4F-E8E9-41D4-87B4-C372F63CC50A}.Release|x86.ActiveCfg = Release|Win32
		{CDD3CE4F-E8E9-41D4-87B4-C372F63CC50A}.Release|x86.Build.0 = Release|Win32
	EndGlobalSection
	GlobalSection(SolutionProperties) = preSolution
		HideSolutionNode = FALSE
	EndGlobalSection
	GlobalSection(ExtensibilityGlobals) = postSolution
		SolutionGuid = {B1E9944A-7F6A-45F6-B882-9F81F12D5786}
	EndGlobalSection
EndGlobal
